
Microsoft Visual Studio Solution File, Format Version 12.00
# Visual Studio Version 17
VisualStudioVersion = 17.7.34031.279
MinimumVisualStudioVersion = 10.0.40219.1
Project("{FAE04EC0-301F-11D3-BF4B-00C04F79EFBC}") = "uppgift7.6", "uppgift7.6\uppgift7.6.csproj", "{1445B677-0CBF-4D97-88F4-8EB7EA223F1B}"
EndProject
Global
	GlobalSection(SolutionConfigurationPlatforms) = preSolution
		Debug|Any CPU = Debug|Any CPU
		Release|Any CPU = Release|Any CPU
	EndGlobalSection
	GlobalSection(ProjectConfigurationPlatforms) = postSolution
		{1445B677-0CBF-4D97-88F4-8EB7EA223F1B}.Debug|Any CPU.ActiveCfg = Debug|Any CPU
		{1445B677-0CBF-4D97-88F4-8EB7EA223F1B}.Debug|Any CPU.Build.0 = Debug|Any CPU
		{1445B677-0CBF-4D97-88F4-8EB7EA223F1B}.Release|Any CPU.ActiveCfg = Release|Any CPU
		{1445B677-0CBF-4D97-88F4-8EB7EA223F1B}.Release|Any CPU.Build.0 = Release|Any CPU
	EndGlobalSection
	GlobalSection(SolutionProperties) = preSolution
		HideSolutionNode = FALSE
	EndGlobalSection
	GlobalSection(ExtensibilityGlobals) = postSolution
		SolutionGuid = {EBB2A412-E65E-4B8C-8379-5ACDF20399ED}
	EndGlobalSection
EndGlobal
